
Microsoft Visual Studio Solution File, Format Version 12.00
# Visual Studio Version 16
VisualStudioVersion = 16.0.32802.440
MinimumVisualStudioVersion = 10.0.40219.1
Project("{9A19103F-16F7-4668-BE54-9A1E7A4F7556}") = "practico5", "..\..\..\source\repos\practico5\practico5\practico5.csproj", "{1A04987F-086D-497E-9A6A-2354F8B2F9AF}"
EndProject
Project("{9A19103F-16F7-4668-BE54-9A1E7A4F7556}") = "DominioBanco", "..\..\..\source\repos\practico5\DominioBanco\DominioBanco.csproj", "{FC233179-FE0F-4738-9F1F-860212B30834}"
EndProject
Global
	GlobalSection(SolutionConfigurationPlatforms) = preSolution
		Debug|Any CPU = Debug|Any CPU
		Release|Any CPU = Release|Any CPU
	EndGlobalSection
	GlobalSection(ProjectConfigurationPlatforms) = postSolution
		{1A04987F-086D-497E-9A6A-2354F8B2F9AF}.Debug|Any CPU.ActiveCfg = Debug|Any CPU
		{1A04987F-086D-497E-9A6A-2354F8B2F9AF}.Debug|Any CPU.Build.0 = Debug|Any CPU
		{1A04987F-086D-497E-9A6A-2354F8B2F9AF}.Release|Any CPU.ActiveCfg = Release|Any CPU
		{1A04987F-086D-497E-9A6A-2354F8B2F9AF}.Release|Any CPU.Build.0 = Release|Any CPU
		{FC233179-FE0F-4738-9F1F-860212B30834}.Debug|Any CPU.ActiveCfg = Debug|Any CPU
		{FC233179-FE0F-4738-9F1F-860212B30834}.Debug|Any CPU.Build.0 = Debug|Any CPU
		{FC233179-FE0F-4738-9F1F-860212B30834}.Release|Any CPU.ActiveCfg = Release|Any CPU
		{FC233179-FE0F-4738-9F1F-860212B30834}.Release|Any CPU.Build.0 = Release|Any CPU
	EndGlobalSection
	GlobalSection(SolutionProperties) = preSolution
		HideSolutionNode = FALSE
	EndGlobalSection
	GlobalSection(ExtensibilityGlobals) = postSolution
		SolutionGuid = {EBD55CA3-3CE9-45F7-99E8-1F6FA86BDB92}
	EndGlobalSection
EndGlobal
